
Microsoft Visual Studio Solution File, Format Version 12.00
# Visual Studio Version 16
VisualStudioVersion = 16.0.29025.244
MinimumVisualStudioVersion = 10.0.40219.1
Project("{8BC9CEB8-8B4A-11D0-8D11-00A0C91BC942}") = "D3D12RaytracingProceduralGeometry", "D3D12RaytracingProceduralGeometry\D3D12RaytracingProceduralGeometry.vcxproj", "{0C266269-AC0C-41B0-9D25-0117DC23CFC7}"
EndProject
Global
	GlobalSection(SolutionConfigurationPlatforms) = preSolution
		Debug|x64 = Debug|x64
		Profile|x64 = Profile|x64
		Release|x64 = Release|x64
	EndGlobalSection
	GlobalSection(ProjectConfigurationPlatforms) = postSolution
		{0C266269-AC0C-41B0-9D25-0117DC23CFC7}.Debug|x64.ActiveCfg = Debug|x64
		{0C266269-AC0C-41B0-9D25-0117DC23CFC7}.Debug|x64.Build.0 = Debug|x64
		{0C266269-AC0C-41B0-9D25-0117DC23CFC7}.Profile|x64.ActiveCfg = Release|x64
		{0C266269-AC0C-41B0-9D25-0117DC23CFC7}.Profile|x64.Build.0 = Release|x64
		{0C266269-AC0C-41B0-9D25-0117DC23CFC7}.Release|x64.ActiveCfg = Release|x64
		{0C266269-AC0C-41B0-9D25-0117DC23CFC7}.Release|x64.Build.0 = Release|x64
	EndGlobalSection
	GlobalSection(SolutionProperties) = preSolution
		HideSolutionNode = FALSE
	EndGlobalSection
	GlobalSection(ExtensibilityGlobals) = postSolution
		SolutionGuid = {F763A25B-2115-4E87-87C4-2C6AA75C1542}
	EndGlobalSection
EndGlobal
